# THIS IS AN AUTOGENERATED FILE. DO NOT EDIT THIS FILE DIRECTLY.
# yarn lockfile v1


react-sketch-canvas@^6.2.0:
  version "6.2.0"
  resolved "https://registry.yarnpkg.com/react-sketch-canvas/-/react-sketch-canvas-6.2.0.tgz#4aa1f0b85012f37b8b2ae746a412ab9424badfa9"
  integrity sha512-Z56RQN0viV9W3Y+DpZfQMi2lf3pO+UB4l+cMwnx7j7pQ9WHkQwN+qZKVFGANgpjXQMyY42NODF/DXjuKPCMf1w==
